
Microsoft Visual Studio Solution File, Format Version 12.00
# Visual Studio 15
VisualStudioVersion = 15.0.26124.0
MinimumVisualStudioVersion = 15.0.26124.0
Project("{FAE04EC0-301F-11D3-BF4B-00C04F79EFBC}") = "application", "Api.Application\application.csproj", "{3F329FE6-8CC9-4578-B1C6-BDB1C922060F}"
EndProject
Project("{FAE04EC0-301F-11D3-BF4B-00C04F79EFBC}") = "Domain", "Api.Domain\Domain.csproj", "{E08AE7CB-CB07-4F9E-BF0B-EEAFD43174D0}"
EndProject
Project("{FAE04EC0-301F-11D3-BF4B-00C04F79EFBC}") = "CrossCutting", "Api.CrossCutting\CrossCutting.csproj", "{68E58F89-3D09-4CCA-AFFE-223FBB5BEA93}"
EndProject
Project("{FAE04EC0-301F-11D3-BF4B-00C04F79EFBC}") = "Data", "Api.Data\Data.csproj", "{7B9086A4-063D-4BD2-A994-D45EAB2A7BB9}"
EndProject
Project("{FAE04EC0-301F-11D3-BF4B-00C04F79EFBC}") = "Service", "Api.Service\Service.csproj", "{EE2FF230-157C-40BE-8685-01537CC03F1C}"
EndProject
Global
	GlobalSection(SolutionConfigurationPlatforms) = preSolution
		Debug|Any CPU = Debug|Any CPU
		Debug|x64 = Debug|x64
		Debug|x86 = Debug|x86
		Release|Any CPU = Release|Any CPU
		Release|x64 = Release|x64
		Release|x86 = Release|x86
	EndGlobalSection
	GlobalSection(SolutionProperties) = preSolution
		HideSolutionNode = FALSE
	EndGlobalSection
	GlobalSection(ProjectConfigurationPlatforms) = postSolution
		{3F329FE6-8CC9-4578-B1C6-BDB1C922060F}.Debug|Any CPU.ActiveCfg = Debug|Any CPU
		{3F329FE6-8CC9-4578-B1C6-BDB1C922060F}.Debug|Any CPU.Build.0 = Debug|Any CPU
		{3F329FE6-8CC9-4578-B1C6-BDB1C922060F}.Debug|x64.ActiveCfg = Debug|Any CPU
		{3F329FE6-8CC9-4578-B1C6-BDB1C922060F}.Debug|x64.Build.0 = Debug|Any CPU
		{3F329FE6-8CC9-4578-B1C6-BDB1C922060F}.Debug|x86.ActiveCfg = Debug|Any CPU
		{3F329FE6-8CC9-4578-B1C6-BDB1C922060F}.Debug|x86.Build.0 = Debug|Any CPU
		{3F329FE6-8CC9-4578-B1C6-BDB1C922060F}.Release|Any CPU.ActiveCfg = Release|Any CPU
		{3F329FE6-8CC9-4578-B1C6-BDB1C922060F}.Release|Any CPU.Build.0 = Release|Any CPU
		{3F329FE6-8CC9-4578-B1C6-BDB1C922060F}.Release|x64.ActiveCfg = Release|Any CPU
		{3F329FE6-8CC9-4578-B1C6-BDB1C922060F}.Release|x64.Build.0 = Release|Any CPU
		{3F329FE6-8CC9-4578-B1C6-BDB1C922060F}.Release|x86.ActiveCfg = Release|Any CPU
		{3F329FE6-8CC9-4578-B1C6-BDB1C922060F}.Release|x86.Build.0 = Release|Any CPU
		{E08AE7CB-CB07-4F9E-BF0B-EEAFD43174D0}.Debug|Any CPU.ActiveCfg = Debug|Any CPU
		{E08AE7CB-CB07-4F9E-BF0B-EEAFD43174D0}.Debug|Any CPU.Build.0 = Debug|Any CPU
		{E08AE7CB-CB07-4F9E-BF0B-EEAFD43174D0}.Debug|x64.ActiveCfg = Debug|Any CPU
		{E08AE7CB-CB07-4F9E-BF0B-EEAFD43174D0}.Debug|x64.Build.0 = Debug|Any CPU
		{E08AE7CB-CB07-4F9E-BF0B-EEAFD43174D0}.Debug|x86.ActiveCfg = Debug|Any CPU
		{E08AE7CB-CB07-4F9E-BF0B-EEAFD43174D0}.Debug|x86.Build.0 = Debug|Any CPU
		{E08AE7CB-CB07-4F9E-BF0B-EEAFD43174D0}.Release|Any CPU.ActiveCfg = Release|Any CPU
		{E08AE7CB-CB07-4F9E-BF0B-EEAFD43174D0}.Release|Any CPU.Build.0 = Release|Any CPU
		{E08AE7CB-CB07-4F9E-BF0B-EEAFD43174D0}.Release|x64.ActiveCfg = Release|Any CPU
		{E08AE7CB-CB07-4F9E-BF0B-EEAFD43174D0}.Release|x64.Build.0 = Release|Any CPU
		{E08AE7CB-CB07-4F9E-BF0B-EEAFD43174D0}.Release|x86.ActiveCfg = Release|Any CPU
		{E08AE7CB-CB07-4F9E-BF0B-EEAFD43174D0}.Release|x86.Build.0 = Release|Any CPU
		{68E58F89-3D09-4CCA-AFFE-223FBB5BEA93}.Debug|Any CPU.ActiveCfg = Debug|Any CPU
		{68E58F89-3D09-4CCA-AFFE-223FBB5BEA93}.Debug|Any CPU.Build.0 = Debug|Any CPU
		{68E58F89-3D09-4CCA-AFFE-223FBB5BEA93}.Debug|x64.ActiveCfg = Debug|Any CPU
		{68E58F89-3D09-4CCA-AFFE-223FBB5BEA93}.Debug|x64.Build.0 = Debug|Any CPU
		{68E58F89-3D09-4CCA-AFFE-223FBB5BEA93}.Debug|x86.ActiveCfg = Debug|Any CPU
		{68E58F89-3D09-4CCA-AFFE-223FBB5BEA93}.Debug|x86.Build.0 = Debug|Any CPU
		{68E58F89-3D09-4CCA-AFFE-223FBB5BEA93}.Release|Any CPU.ActiveCfg = Release|Any CPU
		{68E58F89-3D09-4CCA-AFFE-223FBB5BEA93}.Release|Any CPU.Build.0 = Release|Any CPU
		{68E58F89-3D09-4CCA-AFFE-223FBB5BEA93}.Release|x64.ActiveCfg = Release|Any CPU
		{68E58F89-3D09-4CCA-AFFE-223FBB5BEA93}.Release|x64.Build.0 = Release|Any CPU
		{68E58F89-3D09-4CCA-AFFE-223FBB5BEA93}.Release|x86.ActiveCfg = Release|Any CPU
		{68E58F89-3D09-4CCA-AFFE-223FBB5BEA93}.Release|x86.Build.0 = Release|Any CPU
		{7B9086A4-063D-4BD2-A994-D45EAB2A7BB9}.Debug|Any CPU.ActiveCfg = Debug|Any CPU
		{7B9086A4-063D-4BD2-A994-D45EAB2A7BB9}.Debug|Any CPU.Build.0 = Debug|Any CPU
		{7B9086A4-063D-4BD2-A994-D45EAB2A7BB9}.Debug|x64.ActiveCfg = Debug|Any CPU
		{7B9086A4-063D-4BD2-A994-D45EAB2A7BB9}.Debug|x64.Build.0 = Debug|Any CPU
		{7B9086A4-063D-4BD2-A994-D45EAB2A7BB9}.Debug|x86.ActiveCfg = Debug|Any CPU
		{7B9086A4-063D-4BD2-A994-D45EAB2A7BB9}.Debug|x86.Build.0 = Debug|Any CPU
		{7B9086A4-063D-4BD2-A994-D45EAB2A7BB9}.Release|Any CPU.ActiveCfg = Release|Any CPU
		{7B9086A4-063D-4BD2-A994-D45EAB2A7BB9}.Release|Any CPU.Build.0 = Release|Any CPU
		{7B9086A4-063D-4BD2-A994-D45EAB2A7BB9}.Release|x64.ActiveCfg = Release|Any CPU
		{7B9086A4-063D-4BD2-A994-D45EAB2A7BB9}.Release|x64.Build.0 = Release|Any CPU
		{7B9086A4-063D-4BD2-A994-D45EAB2A7BB9}.Release|x86.ActiveCfg = Release|Any CPU
		{7B9086A4-063D-4BD2-A994-D45EAB2A7BB9}.Release|x86.Build.0 = Release|Any CPU
		{EE2FF230-157C-40BE-8685-01537CC03F1C}.Debug|Any CPU.ActiveCfg = Debug|Any CPU
		{EE2FF230-157C-40BE-8685-01537CC03F1C}.Debug|Any CPU.Build.0 = Debug|Any CPU
		{EE2FF230-157C-40BE-8685-01537CC03F1C}.Debug|x64.ActiveCfg = Debug|Any CPU
		{EE2FF230-157C-40BE-8685-01537CC03F1C}.Debug|x64.Build.0 = Debug|Any CPU
		{EE2FF230-157C-40BE-8685-01537CC03F1C}.Debug|x86.ActiveCfg = Debug|Any CPU
		{EE2FF230-157C-40BE-8685-01537CC03F1C}.Debug|x86.Build.0 = Debug|Any CPU
		{EE2FF230-157C-40BE-8685-01537CC03F1C}.Release|Any CPU.ActiveCfg = Release|Any CPU
		{EE2FF230-157C-40BE-8685-01537CC03F1C}.Release|Any CPU.Build.0 = Release|Any CPU
		{EE2FF230-157C-40BE-8685-01537CC03F1C}.Release|x64.ActiveCfg = Release|Any CPU
		{EE2FF230-157C-40BE-8685-01537CC03F1C}.Release|x64.Build.0 = Release|Any CPU
		{EE2FF230-157C-40BE-8685-01537CC03F1C}.Release|x86.ActiveCfg = Release|Any CPU
		{EE2FF230-157C-40BE-8685-01537CC03F1C}.Release|x86.Build.0 = Release|Any CPU
	EndGlobalSection
EndGlobal
